// !$*UTF8*$!
{
	archiveVersion = 1;
	classes = {
	};
	objectVersion = 46;
	objects = {

/* Begin PBXBuildFile section */
		247936B71E476A3F00CDBD82 /* ConnectionLib.h in Headers */ = {isa = PBXBuildFile; fileRef = 247936B51E476A3F00CDBD82 /* ConnectionLib.h */; settings = {ATTRIBUTES = (Public, ); }; };
		2486C65F1E50A44100010BCF /* Connector.swift in Sources */ = {isa = PBXBuildFile; fileRef = 2486C65E1E50A44100010BCF /* Connector.swift */; };
/* End PBXBuildFile section */

/* Begin PBXFileReference section */
		247936B21E476A3F00CDBD82 /* ConnectionLib.framework */ = {isa = PBXFileReference; explicitFileType = wrapper.framework; includeInIndex = 0; path = ConnectionLib.framework; sourceTree = BUILT_PRODUCTS_DIR; };
		247936B51E476A3F00CDBD82 /* ConnectionLib.h */ = {isa = PBXFileReference; lastKnownFileType = sourcecode.c.h; path = ConnectionLib.h; sourceTree = "<group>"; };
		247936B61E476A3F00CDBD82 /* Info.plist */ = {isa = PBXFileReference; lastKnownFileType = text.plist.xml; path = Info.plist; sourceTree = "<group>"; };
		2486C65E1E50A44100010BCF /* Connector.swift */ = {isa = PBXFileReference; fileEncoding = 4; lastKnownFileType = sourcecode.swift; name = Connector.swift; path = Connector/Connector.swift; sourceTree = "<group>"; };
/* End PBXFileReference section */

/* Begin PBXFrameworksBuildPhase section */
		247936AE1E476A3F00CDBD82 /* Frameworks */ = {
			isa = PBXFrameworksBuildPhase;
			buildActionMask = 2147483647;
			files = (
			);
			runOnlyForDeploymentPostprocessing = 0;
		};
/* End PBXFrameworksBuildPhase section */

/* Begin PBXGroup section */
		247936A81E476A3F00CDBD82 = {
			isa = PBXGroup;
			children = (
				247936B41E476A3F00CDBD82 /* ConnectionLib */,
				247936B31E476A3F00CDBD82 /* Products */,
			);
			sourceTree = "<group>";
		};
		247936B31E476A3F00CDBD82 /* Products */ = {
			isa = PBXGroup;
			children = (
				247936B21E476A3F00CDBD82 /* ConnectionLib.framework */,
			);
			name = Products;
			sourceTree = "<group>";
		};
		247936B41E476A3F00CDBD82 /* ConnectionLib */ = {
			isa = PBXGroup;
			children = (
				2486C65D1E50A41400010BCF /* Manager */,
				2486C65C1E50A3F700010BCF /* Connector */,
				2486C65B1E50A3F100010BCF /* Data */,
				2486C65A1E50A3EC00010BCF /* Util */,
				247936B51E476A3F00CDBD82 /* ConnectionLib.h */,
				247936B61E476A3F00CDBD82 /* Info.plist */,
			);
			path = ConnectionLib;
			sourceTree = "<group>";
		};
		2486C65A1E50A3EC00010BCF /* Util */ = {
			isa = PBXGroup;
			children = (
			);
			name = Util;
			sourceTree = "<group>";
		};
		2486C65B1E50A3F100010BCF /* Data */ = {
			isa = PBXGroup;
			children = (
			);
			name = Data;
			sourceTree = "<group>";
		};
		2486C65C1E50A3F700010BCF /* Connector */ = {
			isa = PBXGroup;
			children = (
				2486C65E1E50A44100010BCF /* Connector.swift */,
			);
			name = Connector;
			sourceTree = "<group>";
		};
		2486C65D1E50A41400010BCF /* Manager */ = {
			isa = PBXGroup;
			children = (
			);
			name = Manager;
			sourceTree = "<group>";
		};
/* End PBXGroup section */

/* Begin PBXHeadersBuildPhase section */
		247936AF1E476A3F00CDBD82 /* Headers */ = {
			isa = PBXHeadersBuildPhase;
			buildActionMask = 2147483647;
			files = (
				247936B71E476A3F00CDBD82 /* ConnectionLib.h in Headers */,
			);
			runOnlyForDeploymentPostprocessing = 0;
		};
/* End PBXHeadersBuildPhase section */

/* Begin PBXNativeTarget section */
		247936B11E476A3F00CDBD82 /* ConnectionLib */ = {
			isa = PBXNativeTarget;
			buildConfigurationList = 247936BA1E476A3F00CDBD82 /* Build configuration list for PBXNativeTarget "ConnectionLib" */;
			buildPhases = (
				247936AD1E476A3F00CDBD82 /* Sources */,
				247936AE1E476A3F00CDBD82 /* Frameworks */,
				247936AF1E476A3F00CDBD82 /* Headers */,
				247936B01E476A3F00CDBD82 /* Resources */,
			);
			buildRules = (
			);
			dependencies = (
			);
			name = ConnectionLib;
			productName = ConnectionLib;
			productReference = 247936B21E476A3F00CDBD82 /* ConnectionLib.framework */;
			productType = "com.apple.product-type.framework";
		};
/* End PBXNativeTarget section */

/* Begin PBXProject section */
		247936A91E476A3F00CDBD82 /* Project object */ = {
			isa = PBXProject;
			attributes = {
				LastUpgradeCheck = 0820;
				ORGANIZATIONNAME = "Shunsaku Miki";
				TargetAttributes = {
					247936B11E476A3F00CDBD82 = {
						CreatedOnToolsVersion = 8.2.1;
						DevelopmentTeam = PX8FYTEY7K;
						LastSwiftMigration = 0820;
						ProvisioningStyle = Automatic;
					};
				};
			};
			buildConfigurationList = 247936AC1E476A3F00CDBD82 /* Build configuration list for PBXProject "ConnectionLib" */;
			compatibilityVersion = "Xcode 3.2";
			developmentRegion = English;
			hasScannedForEncodings = 0;
			knownRegions = (
				en,
			);
			mainGroup = 247936A81E476A3F00CDBD82;
			productRefGroup = 247936B31E476A3F00CDBD82 /* Products */;
			projectDirPath = "";
			projectRoot = "";
			targets = (
				247936B11E476A3F00CDBD82 /* ConnectionLib */,
			);
		};
/* End PBXProject section */

/* Begin PBXResourcesBuildPhase section */
		247936B01E476A3F00CDBD82 /* Resources */ = {
			isa = PBXResourcesBuildPhase;
			buildActionMask = 2147483647;
			files = (
			);
			runOnlyForDeploymentPostprocessing = 0;
		};
/* End PBXResourcesBuildPhase section */

/* Begin PBXSourcesBuildPhase section */
		247936AD1E476A3F00CDBD82 /* Sources */ = {
			isa = PBXSourcesBuildPhase;
			buildActionMask = 2147483647;
			files = (
				2486C65F1E50A44100010BCF /* Connector.swift in Sources */,
			);
			runOnlyForDeploymentPostprocessing = 0;
		};
/* End PBXSourcesBuildPhase section */

/* Begin XCBuildConfiguration section */
		247936B81E476A3F00CDBD82 /* Debug */ = {
			isa = XCBuildConfiguration;
			buildSettings = {
				ALWAYS_SEARCH_USER_PATHS = NO;
				CLANG_ANALYZER_NONNULL = YES;
				CLANG_CXX_LANGUAGE_STANDARD = "gnu++0x";
				CLANG_CXX_LIBRARY = "libc++";
				CLANG_ENABLE_MODULES = YES;
				CLANG_ENABLE_OBJC_ARC = YES;
				CLANG_WARN_BOOL_CONVERSION = YES;
				CLANG_WARN_CONSTANT_CONVERSION = YES;
				CLANG_WARN_DIRECT_OBJC_ISA_USAGE = YES_ERROR;
				CLANG_WARN_DOCUMENTATION_COMMENTS = YES;
				CLANG_WARN_EMPTY_BODY = YES;
				CLANG_WARN_ENUM_CONVERSION = YES;
				CLANG_WARN_INFINITE_RECURSION = YES;
				CLANG_WARN_INT_CONVERSION = YES;
				CLANG_WARN_OBJC_ROOT_CLASS = YES_ERROR;
				CLANG_WARN_SUSPICIOUS_MOVE = YES;
				CLANG_WARN_UNREACHABLE_CODE = YES;
				CLANG_WARN__DUPLICATE_METHOD_MATCH = YES;
				"CODE_SIGN_IDENTITY[sdk=iphoneos*]" = "iPhone Developer";
				COPY_PHASE_STRIP = NO;
				CURRENT_PROJECT_VERSION = 1;
				DEBUG_INFORMATION_FORMAT = dwarf;
				ENABLE_STRICT_OBJC_MSGSEND = YES;
				ENABLE_TESTABILITY = YES;
				GCC_C_LANGUAGE_STANDARD = gnu99;
				GCC_DYNAMIC_NO_PIC = NO;
				GCC_NO_COMMON_BLOCKS = YES;
				GCC_OPTIMIZATION_LEVEL = 0;
				GCC_PREPROCESSOR_DEFINITIONS = (
					"DEBUG=1",
					"$(inherited)",
				);
				GCC_WARN_64_TO_32_BIT_CONVERSION = YES;
				GCC_WARN_ABOUT_RETURN_TYPE = YES_ERROR;
				GCC_WARN_UNDECLARED_SELECTOR = YES;
				GCC_WARN_UNINITIALIZED_AUTOS = YES_AGGRESSIVE;
				GCC_WARN_UNUSED_FUNCTION = YES;
				GCC_WARN_UNUSED_VARIABLE = YES;
				IPHONEOS_DEPLOYMENT_TARGET = 10.2;
				MTL_ENABLE_DEBUG_INFO = YES;
				ONLY_ACTIVE_ARCH = YES;
				SDKROOT = iphoneos;
				SWIFT_ACTIVE_COMPILATION_CONDITIONS = DEBUG;
				SWIFT_OPTIMIZATION_LEVEL = "-Onone";
				TARGETED_DEVICE_FAMILY = "1,2";
				VERSIONING_SYSTEM = "apple-generic";
				VERSION_INFO_PREFIX = "";
			};
			name = Debug;
		};
		247936B91E476A3F00CDBD82 /* Release */ = {
			isa = XCBuildConfiguration;
			buildSettings = {
				ALWAYS_SEARCH_USER_PATHS = NO;
				CLANG_ANALYZER_NONNULL = YES;
				CLANG_CXX_LANGUAGE_STANDARD = "gnu++0x";
				CLANG_CXX_LIBRARY = "libc++";
				CLANG_ENABLE_MODULES = YES;
				CLANG_ENABLE_OBJC_ARC = YES;
				CLANG_WARN_BOOL_CONVERSION = YES;
				CLANG_WARN_CONSTANT_CONVERSION = YES;
				CLANG_WARN_DIRECT_OBJC_ISA_USAGE = YES_ERROR;
				CLANG_WARN_DOCUMENTATION_COMMENTS = YES;
				CLANG_WARN_EMPTY_BODY = YES;
				CLANG_WARN_ENUM_CONVERSION = YES;
				CLANG_WARN_INFINITE_RECURSION = YES;
				CLANG_WARN_INT_CONVERSION = YES;
				CLANG_WARN_OBJC_ROOT_CLASS = YES_ERROR;
				CLANG_WARN_SUSPICIOUS_MOVE = YES;
				CLANG_WARN_UNREACHABLE_CODE = YES;
				CLANG_WARN__DUPLICATE_METHOD_MATCH = YES;
				"CODE_SIGN_IDENTITY[sdk=iphoneos*]" = "iPhone Developer";
				COPY_PHASE_STRIP = NO;
				CURRENT_PROJECT_VERSION = 1;
				DEBUG_INFORMATION_FORMAT = "dwarf-with-dsym";
				ENABLE_NS_ASSERTIONS = NO;
				ENABLE_STRICT_OBJC_MSGSEND = YES;
				GCC_C_LANGUAGE_STANDARD = gnu99;
				GCC_NO_COMMON_BLOCKS = YES;
				GCC_WARN_64_TO_32_BIT_CONVERSION = YES;
				GCC_WARN_ABOUT_RETURN_TYPE = YES_ERROR;
				GCC_WARN_UNDECLARED_SELECTOR = YES;
				GCC_WARN_UNINITIALIZED_AUTOS = YES_AGGRESSIVE;
				GCC_WARN_UNUSED_FUNCTION = YES;
				GCC_WARN_UNUSED_VARIABLE = YES;
				IPHONEOS_DEPLOYMENT_TARGET = 10.2;
				MTL_ENABLE_DEBUG_INFO = NO;
				SDKROOT = iphoneos;
				SWIFT_OPTIMIZATION_LEVEL = "-Owholemodule";
				TARGETED_DEVICE_FAMILY = "1,2";
				VALIDATE_PRODUCT = YES;
				VERSIONING_SYSTEM = "apple-generic";
				VERSION_INFO_PREFIX = "";
			};
			name = Release;
		};
		247936BB1E476A3F00CDBD82 /* Debug */ = {
			isa = XCBuildConfiguration;
			buildSettings = {
				CLANG_ENABLE_MODULES = YES;
				CODE_SIGN_IDENTITY = "";
				DEFINES_MODULE = YES;
				DEVELOPMENT_TEAM = PX8FYTEY7K;
				DYLIB_COMPATIBILITY_VERSION = 1;
				DYLIB_CURRENT_VERSION = 1;
				DYLIB_INSTALL_NAME_BASE = "@rpath";
				INFOPLIST_FILE = ConnectionLib/Info.plist;
				INSTALL_PATH = "$(LOCAL_LIBRARY_DIR)/Frameworks";
				LD_RUNPATH_SEARCH_PATHS = "$(inherited) @executable_path/Frameworks @loader_path/Frameworks";
				PRODUCT_BUNDLE_IDENTIFIER = Shunsaku.ConnectionLib;
				PRODUCT_NAME = "$(TARGET_NAME)";
				SKIP_INSTALL = YES;
				SWIFT_OPTIMIZATION_LEVEL = "-Onone";
				SWIFT_VERSION = 3.0;
			};
			name = Debug;
		};
		247936BC1E476A3F00CDBD82 /* Release */ = {
			isa = XCBuildConfiguration;
			buildSettings = {
				CLANG_ENABLE_MODULES = YES;
				CODE_SIGN_IDENTITY = "";
				DEFINES_MODULE = YES;
				DEVELOPMENT_TEAM = PX8FYTEY7K;
				DYLIB_COMPATIBILITY_VERSION = 1;
				DYLIB_CURRENT_VERSION = 1;
				DYLIB_INSTALL_NAME_BASE = "@rpath";
				INFOPLIST_FILE = ConnectionLib/Info.plist;
				INSTALL_PATH = "$(LOCAL_LIBRARY_DIR)/Frameworks";
				LD_RUNPATH_SEARCH_PATHS = "$(inherited) @executable_path/Frameworks @loader_path/Frameworks";
				PRODUCT_BUNDLE_IDENTIFIER = Shunsaku.ConnectionLib;
				PRODUCT_NAME = "$(TARGET_NAME)";
				SKIP_INSTALL = YES;
				SWIFT_VERSION = 3.0;
			};
			name = Release;
		};
/* End XCBuildConfiguration section */

/* Begin XCConfigurationList section */
		247936AC1E476A3F00CDBD82 /* Build configuration list for PBXProject "ConnectionLib" */ = {
			isa = XCConfigurationList;
			buildConfigurations = (
				247936B81E476A3F00CDBD82 /* Debug */,
				247936B91E476A3F00CDBD82 /* Release */,
			);
			defaultConfigurationIsVisible = 0;
			defaultConfigurationName = Release;
		};
		247936BA1E476A3F00CDBD82 /* Build configuration list for PBXNativeTarget "ConnectionLib" */ = {
			isa = XCConfigurationList;
			buildConfigurations = (
				247936BB1E476A3F00CDBD82 /* Debug */,
				247936BC1E476A3F00CDBD82 /* Release */,
			);
			defaultConfigurationIsVisible = 0;
			defaultConfigurationName = Release;
		};
/* End XCConfigurationList section */
	};
	rootObject = 247936A91E476A3F00CDBD82 /* Project object */;
}
